
Microsoft Visual Studio Solution File, Format Version 12.00
# Visual Studio 14
VisualStudioVersion = 14.0.25420.1
MinimumVisualStudioVersion = 10.0.40219.1
Project("{2150E333-8FDC-42A3-9474-1A3956D46DE8}") = "第2章", "第2章", "{5D5388D1-44FB-46F8-A158-7CF95A604324}"
EndProject
Project("{8BC9CEB8-8B4A-11D0-8D11-00A0C91BC942}") = "insert_sort", "Src\insert_sort\insert_sort.vcxproj", "{BD759850-857D-455F-BB68-7FD847DB5294}"
EndProject
Global
	GlobalSection(SolutionConfigurationPlatforms) = preSolution
		Debug|x64 = Debug|x64
		Debug|x86 = Debug|x86
		Release|x64 = Release|x64
		Release|x86 = Release|x86
	EndGlobalSection
	GlobalSection(ProjectConfigurationPlatforms) = postSolution
		{BD759850-857D-455F-BB68-7FD847DB5294}.Debug|x64.ActiveCfg = Debug|x64
		{BD759850-857D-455F-BB68-7FD847DB5294}.Debug|x64.Build.0 = Debug|x64
		{BD759850-857D-455F-BB68-7FD847DB5294}.Debug|x86.ActiveCfg = Debug|Win32
		{BD759850-857D-455F-BB68-7FD847DB5294}.Debug|x86.Build.0 = Debug|Win32
		{BD759850-857D-455F-BB68-7FD847DB5294}.Release|x64.ActiveCfg = Release|x64
		{BD759850-857D-455F-BB68-7FD847DB5294}.Release|x64.Build.0 = Release|x64
		{BD759850-857D-455F-BB68-7FD847DB5294}.Release|x86.ActiveCfg = Release|Win32
		{BD759850-857D-455F-BB68-7FD847DB5294}.Release|x86.Build.0 = Release|Win32
	EndGlobalSection
	GlobalSection(SolutionProperties) = preSolution
		HideSolutionNode = FALSE
	EndGlobalSection
	GlobalSection(NestedProjects) = preSolution
		{BD759850-857D-455F-BB68-7FD847DB5294} = {5D5388D1-44FB-46F8-A158-7CF95A604324}
	EndGlobalSection
EndGlobal
